{
  "name": "@wallentx/fork-friendly-actions",
  "version": "0.1.0",
  "lockfileVersion": 3,
  "requires": true,
  "packages": {
    "": {
      "name": "@wallentx/fork-friendly-actions",
      "version": "0.1.0",
      "license": "MIT",
      "dependencies": {
        "yaml": "^2.9.0"
      },
      "bin": {
        "ffactions": "bin/fork-friendly-actions.js",
        "fork-friendly-actions": "bin/fork-friendly-actions.js"
      },
      "devDependencies": {
        "@vercel/ncc": "^0.44.0"
      },
      "engines": {
        "node": ">=20"
      }
    },
    "node_modules/@vercel/ncc": {
      "version": "0.44.0",
      "resolved": "https://registry.npmjs.org/@vercel/ncc/-/ncc-0.44.0.tgz",
      "integrity": "sha512-pHyI+bZokSgIscTKFSmpNk5vZzmOrb9RW0Vu4SRyqUvkJ0kgg3PzaZLLDVTFXhbUiCqg0/Eu8L4fKtgViA92kg==",
      "dev": true,
      "license": "MIT",
      "bin": {
        "ncc": "dist/ncc/cli.js"
      }
    },
    "node_modules/yaml": {
      "version": "2.9.0",
      "resolved": "https://registry.npmjs.org/yaml/-/yaml-2.9.0.tgz",
      "integrity": "sha512-2AvhNX3mb8zd6Zy7INTtSpl1F15HW6Wnqj0srWlkKLcpYl/gMIMJiyuGq2KeI2YFxUPjdlB+3Lc10seMLtL4cA==",
      "license": "ISC",
      "bin": {
        "yaml": "bin.mjs"
      },
      "engines": {
        "node": ">= 14.6"
      },
      "funding": {
        "url": "https://github.com/sponsors/eemeli"
      }
    }
  }
}
